# This file is autogenerated, do not edit; changes may be undone by the next 'dep ensure'.


[[projects]]
  digest = "1:5c3894b2aa4d6bead0ceeea6831b305d62879c871780e7b76296ded1b004bc57"
  name = "cloud.google.com/go"
  packages = ["compute/metadata"]
  pruneopts = "UT"
  revision = "c728a003b238b26cef9ab6753a5dc424b331c3ad"
  version = "v0.27.0"

[[projects]]
  digest = "1:b7453dcd64035c500930e3852a9324cfd92d2f379fface77361a4ba4cd3ada18"
  name = "github.com/auth0-community/auth0"
  packages = ["."]
  pruneopts = "UT"
  revision = "ddfdc88aaa5909a3d4e3ad0543a27f4a63a691e6"
  version = "v1.0.0"

[[projects]]
  digest = "1:ffe9824d294da03b391f44e1ae8281281b4afc1bdaa9588c9097785e3af10cec"
  name = "github.com/davecgh/go-spew"
  packages = ["spew"]
  pruneopts = "UT"
  revision = "8991bc29aa16c548c550c7ff78260e27b9ab7c73"
  version = "v1.1.1"

[[projects]]
  digest = "1:97df918963298c287643883209a2c3f642e6593379f97ab400c2a2e219ab647d"
  name = "github.com/golang/protobuf"
  packages = ["proto"]
  pruneopts = "UT"
  revision = "aa810b61a9c79d51363740d207bb46cf8e620ed5"
  version = "v1.2.0"

[[projects]]
  digest = "1:c79fb010be38a59d657c48c6ba1d003a8aa651fa56b579d959d74573b7dff8e1"
  name = "github.com/gorilla/context"
  packages = ["."]
  pruneopts = "UT"
  revision = "08b5f424b9271eedf6f9f0ce86cb9396ed337a42"
  version = "v1.1.1"

[[projects]]
  digest = "1:e73f5b0152105f18bc131fba127d9949305c8693f8a762588a82a48f61756f5f"
  name = "github.com/gorilla/mux"
  packages = ["."]
  pruneopts = "UT"
  revision = "e3702bed27f0d39777b0b37b664b6280e8ef8fbf"
  version = "v1.6.2"

[[projects]]
  digest = "1:8ef506fc2bb9ced9b151dafa592d4046063d744c646c1bbe801982ce87e4bc24"
  name = "github.com/lib/pq"
  packages = [
    ".",
    "oid",
  ]
  pruneopts = "UT"
  revision = "4ded0e9383f75c197b3a2aaa6d590ac52df6fd79"
  version = "v1.0.0"

[[projects]]
  digest = "1:40e195917a951a8bf867cd05de2a46aaf1806c50cf92eebf4c16f78cd196f747"
  name = "github.com/pkg/errors"
  packages = ["."]
  pruneopts = "UT"
  revision = "645ef00459ed84a119197bfb8d8205042c6df63d"
  version = "v0.8.0"

[[projects]]
  digest = "1:0b8dd7447e420afff0260179dc892711e837edd1d446bc78dab924624a3c3c81"
  name = "github.com/rs/cors"
  packages = ["."]
  pruneopts = "UT"
  revision = "3fb1b69b103a84de38a19c3c6ec073dd6caa4d3f"
  version = "v1.5.0"

[[projects]]
  branch = "master"
  digest = "1:b8fa1ff0fc20983395978b3f771bb10438accbfe19326b02e236c1d4bf1c91b2"
  name = "golang.org/x/crypto"
  packages = [
    "ed25519",
    "ed25519/internal/edwards25519",
    "pbkdf2",
  ]
  pruneopts = "UT"
  revision = "b7391e95e576cacdcdd422573063bc057239113d"

[[projects]]
  branch = "master"
  digest = "1:d6b719875cf8091fbab38527d81d34e71f4521b9ee9ccfbd4a32cff2ac5af96e"
  name = "golang.org/x/net"
  packages = [
    "context",
    "context/ctxhttp",
  ]
  pruneopts = "UT"
  revision = "26e67e76b6c3f6ce91f7c52def5af501b4e0f3a2"

[[projects]]
  branch = "master"
  digest = "1:f645667d687fc8bf228865a2c5455824ef05bad08841e673673ef2bb89ac5b90"
  name = "golang.org/x/oauth2"
  packages = [
    ".",
    "google",
    "internal",
    "jws",
    "jwt",
  ]
  pruneopts = "UT"
  revision = "d2e6202438beef2727060aa7cabdd924d92ebfd9"

[[projects]]
  digest = "1:c8907869850adaa8bd7631887948d0684f3787d0912f1c01ab72581a6c34432e"
  name = "google.golang.org/appengine"
  packages = [
    ".",
    "internal",
    "internal/app_identity",
    "internal/base",
    "internal/datastore",
    "internal/log",
    "internal/modules",
    "internal/remote_api",
    "internal/urlfetch",
    "urlfetch",
  ]
  pruneopts = "UT"
  revision = "b1f26356af11148e710935ed1ac8a7f5702c7612"
  version = "v1.1.0"

[[projects]]
  digest = "1:005cbf8b937fcb1694b9dbb845b0aef618627be7faf7bb330eb2490e3f506ef8"
  name = "gopkg.in/square/go-jose.v2"
  packages = [
    ".",
    "cipher",
    "json",
    "jwt",
  ]
  pruneopts = "UT"
  revision = "628223f44a71f715d2881ea69afc795a1e9c01be"
  version = "v2.3.0"

[solve-meta]
  analyzer-name = "dep"
  analyzer-version = 1
  input-imports = [
    "github.com/auth0-community/auth0",
    "github.com/davecgh/go-spew/spew",
    "github.com/gorilla/mux",
    "github.com/lib/pq",
    "github.com/pkg/errors",
    "github.com/rs/cors",
    "golang.org/x/oauth2",
    "golang.org/x/oauth2/google",
    "gopkg.in/square/go-jose.v2",
  ]
  solver-name = "gps-cdcl"
  solver-version = 1
